
Microsoft Visual Studio Solution File, Format Version 12.00
# Visual Studio Version 17
VisualStudioVersion = 17.9.34607.119
MinimumVisualStudioVersion = 10.0.40219.1
Project("{FAE04EC0-301F-11D3-BF4B-00C04F79EFBC}") = "WebSiteHocTiengNhat", "WebSiteHocTiengNhat\WebSiteHocTiengNhat.csproj", "{42F8581C-179E-4068-8839-29353856BBDF}"
EndProject
Global
	GlobalSection(SolutionConfigurationPlatforms) = preSolution
		Debug|Any CPU = Debug|Any CPU
		Release|Any CPU = Release|Any CPU
	EndGlobalSection
	GlobalSection(ProjectConfigurationPlatforms) = postSolution
		{42F8581C-179E-4068-8839-29353856BBDF}.Debug|Any CPU.ActiveCfg = Debug|Any CPU
		{42F8581C-179E-4068-8839-29353856BBDF}.Debug|Any CPU.Build.0 = Debug|Any CPU
		{42F8581C-179E-4068-8839-29353856BBDF}.Release|Any CPU.ActiveCfg = Release|Any CPU
		{42F8581C-179E-4068-8839-29353856BBDF}.Release|Any CPU.Build.0 = Release|Any CPU
	EndGlobalSection
	GlobalSection(SolutionProperties) = preSolution
		HideSolutionNode = FALSE
	EndGlobalSection
	GlobalSection(ExtensibilityGlobals) = postSolution
		SolutionGuid = {0B96E4A6-37F3-4FCA-A923-FD212441F4B1}
	EndGlobalSection
EndGlobal
